
Microsoft Visual Studio Solution File, Format Version 12.00
# Visual Studio 15
VisualStudioVersion = 15.0.27703.2042
MinimumVisualStudioVersion = 10.0.40219.1
Project("{FAE04EC0-301F-11D3-BF4B-00C04F79EFBC}") = "pool_HomeWork", "pool_HomeWork\pool_HomeWork.csproj", "{75423E90-746F-4637-9BD5-1B8E8BE5BA55}"
EndProject
Global
	GlobalSection(SolutionConfigurationPlatforms) = preSolution
		Debug|Any CPU = Debug|Any CPU
		Release|Any CPU = Release|Any CPU
	EndGlobalSection
	GlobalSection(ProjectConfigurationPlatforms) = postSolution
		{75423E90-746F-4637-9BD5-1B8E8BE5BA55}.Debug|Any CPU.ActiveCfg = Debug|Any CPU
		{75423E90-746F-4637-9BD5-1B8E8BE5BA55}.Debug|Any CPU.Build.0 = Debug|Any CPU
		{75423E90-746F-4637-9BD5-1B8E8BE5BA55}.Release|Any CPU.ActiveCfg = Release|Any CPU
		{75423E90-746F-4637-9BD5-1B8E8BE5BA55}.Release|Any CPU.Build.0 = Release|Any CPU
	EndGlobalSection
	GlobalSection(SolutionProperties) = preSolution
		HideSolutionNode = FALSE
	EndGlobalSection
	GlobalSection(ExtensibilityGlobals) = postSolution
		SolutionGuid = {694DA5EB-551D-4113-9F64-2B6BB2D5D0A8}
	EndGlobalSection
EndGlobal
